// !$*UTF8*$!
{
	archiveVersion = 1;
	classes = {
	};
	objectVersion = 50;
	objects = {

/* Begin PBXBuildFile section */
		8E5DD6F123D0B0A4003D2057 /* AppDelegate.swift in Sources */ = {isa = PBXBuildFile; fileRef = 8E5DD6F023D0B0A4003D2057 /* AppDelegate.swift */; };
		8E5DD6F323D0B0A4003D2057 /* SceneDelegate.swift in Sources */ = {isa = PBXBuildFile; fileRef = 8E5DD6F223D0B0A4003D2057 /* SceneDelegate.swift */; };
		8E5DD6F523D0B0A4003D2057 /* ViewController.swift in Sources */ = {isa = PBXBuildFile; fileRef = 8E5DD6F423D0B0A4003D2057 /* ViewController.swift */; };
		8E5DD6F823D0B0A4003D2057 /* Main.storyboard in Resources */ = {isa = PBXBuildFile; fileRef = 8E5DD6F623D0B0A4003D2057 /* Main.storyboard */; };
		8E5DD6FA23D0B0A5003D2057 /* Assets.xcassets in Resources */ = {isa = PBXBuildFile; fileRef = 8E5DD6F923D0B0A5003D2057 /* Assets.xcassets */; };
		8E5DD6FD23D0B0A5003D2057 /* LaunchScreen.storyboard in Resources */ = {isa = PBXBuildFile; fileRef = 8E5DD6FB23D0B0A5003D2057 /* LaunchScreen.storyboard */; };
		8E5DD70823D0B0A5003D2057 /* _116HealthLayoutTestTests.swift in Sources */ = {isa = PBXBuildFile; fileRef = 8E5DD70723D0B0A5003D2057 /* _116HealthLayoutTestTests.swift */; };
		8E5DD71323D0B0A5003D2057 /* _116HealthLayoutTestUITests.swift in Sources */ = {isa = PBXBuildFile; fileRef = 8E5DD71223D0B0A5003D2057 /* _116HealthLayoutTestUITests.swift */; };
/* End PBXBuildFile section */

/* Begin PBXContainerItemProxy section */
		8E5DD70423D0B0A5003D2057 /* PBXContainerItemProxy */ = {
			isa = PBXContainerItemProxy;
			containerPortal = 8E5DD6E523D0B0A4003D2057 /* Project object */;
			proxyType = 1;
			remoteGlobalIDString = 8E5DD6EC23D0B0A4003D2057;
			remoteInfo = 0116HealthLayoutTest;
		};
		8E5DD70F23D0B0A5003D2057 /* PBXContainerItemProxy */ = {
			isa = PBXContainerItemProxy;
			containerPortal = 8E5DD6E523D0B0A4003D2057 /* Project object */;
			proxyType = 1;
			remoteGlobalIDString = 8E5DD6EC23D0B0A4003D2057;
			remoteInfo = 0116HealthLayoutTest;
		};
/* End PBXContainerItemProxy section */

/* Begin PBXFileReference section */
		8E5DD6ED23D0B0A4003D2057 /* 0116HealthLayoutTest.app */ = {isa = PBXFileReference; explicitFileType = wrapper.application; includeInIndex = 0; path = 0116HealthLayoutTest.app; sourceTree = BUILT_PRODUCTS_DIR; };
		8E5DD6F023D0B0A4003D2057 /* AppDelegate.swift */ = {isa = PBXFileReference; lastKnownFileType = sourcecode.swift; path = AppDelegate.swift; sourceTree = "<group>"; };
		8E5DD6F223D0B0A4003D2057 /* SceneDelegate.swift */ = {isa = PBXFileReference; lastKnownFileType = sourcecode.swift; path = SceneDelegate.swift; sourceTree = "<group>"; };
		8E5DD6F423D0B0A4003D2057 /* ViewController.swift */ = {isa = PBXFileReference; lastKnownFileType = sourcecode.swift; path = ViewController.swift; sourceTree = "<group>"; };
		8E5DD6F723D0B0A4003D2057 /* Base */ = {isa = PBXFileReference; lastKnownFileType = file.storyboard; name = Base; path = Base.lproj/Main.storyboard; sourceTree = "<group>"; };
		8E5DD6F923D0B0A5003D2057 /* Assets.xcassets */ = {isa = PBXFileReference; lastKnownFileType = folder.assetcatalog; path = Assets.xcassets; sourceTree = "<group>"; };
		8E5DD6FC23D0B0A5003D2057 /* Base */ = {isa = PBXFileReference; lastKnownFileType = file.storyboard; name = Base; path = Base.lproj/LaunchScreen.storyboard; sourceTree = "<group>"; };
		8E5DD6FE23D0B0A5003D2057 /* Info.plist */ = {isa = PBXFileReference; lastKnownFileType = text.plist.xml; path = Info.plist; sourceTree = "<group>"; };
		8E5DD70323D0B0A5003D2057 /* 0116HealthLayoutTestTests.xctest */ = {isa = PBXFileReference; explicitFileType = wrapper.cfbundle; includeInIndex = 0; path = 0116HealthLayoutTestTests.xctest; sourceTree = BUILT_PRODUCTS_DIR; };
		8E5DD70723D0B0A5003D2057 /* _116HealthLayoutTestTests.swift */ = {isa = PBXFileReference; lastKnownFileType = sourcecode.swift; path = _116HealthLayoutTestTests.swift; sourceTree = "<group>"; };
		8E5DD70923D0B0A5003D2057 /* Info.plist */ = {isa = PBXFileReference; lastKnownFileType = text.plist.xml; path = Info.plist; sourceTree = "<group>"; };
		8E5DD70E23D0B0A5003D2057 /* 0116HealthLayoutTestUITests.xctest */ = {isa = PBXFileReference; explicitFileType = wrapper.cfbundle; includeInIndex = 0; path = 0116HealthLayoutTestUITests.xctest; sourceTree = BUILT_PRODUCTS_DIR; };
		8E5DD71223D0B0A5003D2057 /* _116HealthLayoutTestUITests.swift */ = {isa = PBXFileReference; lastKnownFileType = sourcecode.swift; path = _116HealthLayoutTestUITests.swift; sourceTree = "<group>"; };
		8E5DD71423D0B0A5003D2057 /* Info.plist */ = {isa = PBXFileReference; lastKnownFileType = text.plist.xml; path = Info.plist; sourceTree = "<group>"; };
/* End PBXFileReference section */

/* Begin PBXFrameworksBuildPhase section */
		8E5DD6EA23D0B0A4003D2057 /* Frameworks */ = {
			isa = PBXFrameworksBuildPhase;
			buildActionMask = 2147483647;
			files = (
			);
			runOnlyForDeploymentPostprocessing = 0;
		};
		8E5DD70023D0B0A5003D2057 /* Frameworks */ = {
			isa = PBXFrameworksBuildPhase;
			buildActionMask = 2147483647;
			files = (
			);
			runOnlyForDeploymentPostprocessing = 0;
		};
		8E5DD70B23D0B0A5003D2057 /* Frameworks */ = {
			isa = PBXFrameworksBuildPhase;
			buildActionMask = 2147483647;
			files = (
			);
			runOnlyForDeploymentPostprocessing = 0;
		};
/* End PBXFrameworksBuildPhase section */

/* Begin PBXGroup section */
		8E5DD6E423D0B0A4003D2057 = {
			isa = PBXGroup;
			children = (
				8E5DD6EF23D0B0A4003D2057 /* 0116HealthLayoutTest */,
				8E5DD70623D0B0A5003D2057 /* 0116HealthLayoutTestTests */,
				8E5DD71123D0B0A5003D2057 /* 0116HealthLayoutTestUITests */,
				8E5DD6EE23D0B0A4003D2057 /* Products */,
			);
			sourceTree = "<group>";
		};
		8E5DD6EE23D0B0A4003D2057 /* Products */ = {
			isa = PBXGroup;
			children = (
				8E5DD6ED23D0B0A4003D2057 /* 0116HealthLayoutTest.app */,
				8E5DD70323D0B0A5003D2057 /* 0116HealthLayoutTestTests.xctest */,
				8E5DD70E23D0B0A5003D2057 /* 0116HealthLayoutTestUITests.xctest */,
			);
			name = Products;
			sourceTree = "<group>";
		};
		8E5DD6EF23D0B0A4003D2057 /* 0116HealthLayoutTest */ = {
			isa = PBXGroup;
			children = (
				8E5DD6F023D0B0A4003D2057 /* AppDelegate.swift */,
				8E5DD6F223D0B0A4003D2057 /* SceneDelegate.swift */,
				8E5DD6F423D0B0A4003D2057 /* ViewController.swift */,
				8E5DD6F623D0B0A4003D2057 /* Main.storyboard */,
				8E5DD6F923D0B0A5003D2057 /* Assets.xcassets */,
				8E5DD6FB23D0B0A5003D2057 /* LaunchScreen.storyboard */,
				8E5DD6FE23D0B0A5003D2057 /* Info.plist */,
			);
			path = 0116HealthLayoutTest;
			sourceTree = "<group>";
		};
		8E5DD70623D0B0A5003D2057 /* 0116HealthLayoutTestTests */ = {
			isa = PBXGroup;
			children = (
				8E5DD70723D0B0A5003D2057 /* _116HealthLayoutTestTests.swift */,
				8E5DD70923D0B0A5003D2057 /* Info.plist */,
			);
			path = 0116HealthLayoutTestTests;
			sourceTree = "<group>";
		};
		8E5DD71123D0B0A5003D2057 /* 0116HealthLayoutTestUITests */ = {
			isa = PBXGroup;
			children = (
				8E5DD71223D0B0A5003D2057 /* _116HealthLayoutTestUITests.swift */,
				8E5DD71423D0B0A5003D2057 /* Info.plist */,
			);
			path = 0116HealthLayoutTestUITests;
			sourceTree = "<group>";
		};
/* End PBXGroup section */

/* Begin PBXNativeTarget section */
		8E5DD6EC23D0B0A4003D2057 /* 0116HealthLayoutTest */ = {
			isa = PBXNativeTarget;
			buildConfigurationList = 8E5DD71723D0B0A5003D2057 /* Build configuration list for PBXNativeTarget "0116HealthLayoutTest" */;
			buildPhases = (
				8E5DD6E923D0B0A4003D2057 /* Sources */,
				8E5DD6EA23D0B0A4003D2057 /* Frameworks */,
				8E5DD6EB23D0B0A4003D2057 /* Resources */,
			);
			buildRules = (
			);
			dependencies = (
			);
			name = 0116HealthLayoutTest;
			productName = 0116HealthLayoutTest;
			productReference = 8E5DD6ED23D0B0A4003D2057 /* 0116HealthLayoutTest.app */;
			productType = "com.apple.product-type.application";
		};
		8E5DD70223D0B0A5003D2057 /* 0116HealthLayoutTestTests */ = {
			isa = PBXNativeTarget;
			buildConfigurationList = 8E5DD71A23D0B0A5003D2057 /* Build configuration list for PBXNativeTarget "0116HealthLayoutTestTests" */;
			buildPhases = (
				8E5DD6FF23D0B0A5003D2057 /* Sources */,
				8E5DD70023D0B0A5003D2057 /* Frameworks */,
				8E5DD70123D0B0A5003D2057 /* Resources */,
			);
			buildRules = (
			);
			dependencies = (
				8E5DD70523D0B0A5003D2057 /* PBXTargetDependency */,
			);
			name = 0116HealthLayoutTestTests;
			productName = 0116HealthLayoutTestTests;
			productReference = 8E5DD70323D0B0A5003D2057 /* 0116HealthLayoutTestTests.xctest */;
			productType = "com.apple.product-type.bundle.unit-test";
		};
		8E5DD70D23D0B0A5003D2057 /* 0116HealthLayoutTestUITests */ = {
			isa = PBXNativeTarget;
			buildConfigurationList = 8E5DD71D23D0B0A5003D2057 /* Build configuration list for PBXNativeTarget "0116HealthLayoutTestUITests" */;
			buildPhases = (
				8E5DD70A23D0B0A5003D2057 /* Sources */,
				8E5DD70B23D0B0A5003D2057 /* Frameworks */,
				8E5DD70C23D0B0A5003D2057 /* Resources */,
			);
			buildRules = (
			);
			dependencies = (
				8E5DD71023D0B0A5003D2057 /* PBXTargetDependency */,
			);
			name = 0116HealthLayoutTestUITests;
			productName = 0116HealthLayoutTestUITests;
			productReference = 8E5DD70E23D0B0A5003D2057 /* 0116HealthLayoutTestUITests.xctest */;
			productType = "com.apple.product-type.bundle.ui-testing";
		};
/* End PBXNativeTarget section */

/* Begin PBXProject section */
		8E5DD6E523D0B0A4003D2057 /* Project object */ = {
			isa = PBXProject;
			attributes = {
				LastSwiftUpdateCheck = 1120;
				LastUpgradeCheck = 1120;
				ORGANIZATIONNAME = "lesley tsai";
				TargetAttributes = {
					8E5DD6EC23D0B0A4003D2057 = {
						CreatedOnToolsVersion = 11.2;
					};
					8E5DD70223D0B0A5003D2057 = {
						CreatedOnToolsVersion = 11.2;
						TestTargetID = 8E5DD6EC23D0B0A4003D2057;
					};
					8E5DD70D23D0B0A5003D2057 = {
						CreatedOnToolsVersion = 11.2;
						TestTargetID = 8E5DD6EC23D0B0A4003D2057;
					};
				};
			};
			buildConfigurationList = 8E5DD6E823D0B0A4003D2057 /* Build configuration list for PBXProject "0116HealthLayoutTest" */;
			compatibilityVersion = "Xcode 9.3";
			developmentRegion = en;
			hasScannedForEncodings = 0;
			knownRegions = (
				en,
				Base,
			);
			mainGroup = 8E5DD6E423D0B0A4003D2057;
			productRefGroup = 8E5DD6EE23D0B0A4003D2057 /* Products */;
			projectDirPath = "";
			projectRoot = "";
			targets = (
				8E5DD6EC23D0B0A4003D2057 /* 0116HealthLayoutTest */,
				8E5DD70223D0B0A5003D2057 /* 0116HealthLayoutTestTests */,
				8E5DD70D23D0B0A5003D2057 /* 0116HealthLayoutTestUITests */,
			);
		};
/* End PBXProject section */

/* Begin PBXResourcesBuildPhase section */
		8E5DD6EB23D0B0A4003D2057 /* Resources */ = {
			isa = PBXResourcesBuildPhase;
			buildActionMask = 2147483647;
			files = (
				8E5DD6FD23D0B0A5003D2057 /* LaunchScreen.storyboard in Resources */,
				8E5DD6FA23D0B0A5003D2057 /* Assets.xcassets in Resources */,
				8E5DD6F823D0B0A4003D2057 /* Main.storyboard in Resources */,
			);
			runOnlyForDeploymentPostprocessing = 0;
		};
		8E5DD70123D0B0A5003D2057 /* Resources */ = {
			isa = PBXResourcesBuildPhase;
			buildActionMask = 2147483647;
			files = (
			);
			runOnlyForDeploymentPostprocessing = 0;
		};
		8E5DD70C23D0B0A5003D2057 /* Resources */ = {
			isa = PBXResourcesBuildPhase;
			buildActionMask = 2147483647;
			files = (
			);
			runOnlyForDeploymentPostprocessing = 0;
		};
/* End PBXResourcesBuildPhase section */

/* Begin PBXSourcesBuildPhase section */
		8E5DD6E923D0B0A4003D2057 /* Sources */ = {
			isa = PBXSourcesBuildPhase;
			buildActionMask = 2147483647;
			files = (
				8E5DD6F523D0B0A4003D2057 /* ViewController.swift in Sources */,
				8E5DD6F123D0B0A4003D2057 /* AppDelegate.swift in Sources */,
				8E5DD6F323D0B0A4003D2057 /* SceneDelegate.swift in Sources */,
			);
			runOnlyForDeploymentPostprocessing = 0;
		};
		8E5DD6FF23D0B0A5003D2057 /* Sources */ = {
			isa = PBXSourcesBuildPhase;
			buildActionMask = 2147483647;
			files = (
				8E5DD70823D0B0A5003D2057 /* _116HealthLayoutTestTests.swift in Sources */,
			);
			runOnlyForDeploymentPostprocessing = 0;
		};
		8E5DD70A23D0B0A5003D2057 /* Sources */ = {
			isa = PBXSourcesBuildPhase;
			buildActionMask = 2147483647;
			files = (
				8E5DD71323D0B0A5003D2057 /* _116HealthLayoutTestUITests.swift in Sources */,
			);
			runOnlyForDeploymentPostprocessing = 0;
		};
/* End PBXSourcesBuildPhase section */

/* Begin PBXTargetDependency section */
		8E5DD70523D0B0A5003D2057 /* PBXTargetDependency */ = {
			isa = PBXTargetDependency;
			target = 8E5DD6EC23D0B0A4003D2057 /* 0116HealthLayoutTest */;
			targetProxy = 8E5DD70423D0B0A5003D2057 /* PBXContainerItemProxy */;
		};
		8E5DD71023D0B0A5003D2057 /* PBXTargetDependency */ = {
			isa = PBXTargetDependency;
			target = 8E5DD6EC23D0B0A4003D2057 /* 0116HealthLayoutTest */;
			targetProxy = 8E5DD70F23D0B0A5003D2057 /* PBXContainerItemProxy */;
		};
/* End PBXTargetDependency section */

/* Begin PBXVariantGroup section */
		8E5DD6F623D0B0A4003D2057 /* Main.storyboard */ = {
			isa = PBXVariantGroup;
			children = (
				8E5DD6F723D0B0A4003D2057 /* Base */,
			);
			name = Main.storyboard;
			sourceTree = "<group>";
		};
		8E5DD6FB23D0B0A5003D2057 /* LaunchScreen.storyboard */ = {
			isa = PBXVariantGroup;
			children = (
				8E5DD6FC23D0B0A5003D2057 /* Base */,
			);
			name = LaunchScreen.storyboard;
			sourceTree = "<group>";
		};
/* End PBXVariantGroup section */

/* Begin XCBuildConfiguration section */
		8E5DD71523D0B0A5003D2057 /* Debug */ = {
			isa = XCBuildConfiguration;
			buildSettings = {
				ALWAYS_SEARCH_USER_PATHS = NO;
				CLANG_ANALYZER_NONNULL = YES;
				CLANG_ANALYZER_NUMBER_OBJECT_CONVERSION = YES_AGGRESSIVE;
				CLANG_CXX_LANGUAGE_STANDARD = "gnu++14";
				CLANG_CXX_LIBRARY = "libc++";
				CLANG_ENABLE_MODULES = YES;
				CLANG_ENABLE_OBJC_ARC = YES;
				CLANG_ENABLE_OBJC_WEAK = YES;
				CLANG_WARN_BLOCK_CAPTURE_AUTORELEASING = YES;
				CLANG_WARN_BOOL_CONVERSION = YES;
				CLANG_WARN_COMMA = YES;
				CLANG_WARN_CONSTANT_CONVERSION = YES;
				CLANG_WARN_DEPRECATED_OBJC_IMPLEMENTATIONS = YES;
				CLANG_WARN_DIRECT_OBJC_ISA_USAGE = YES_ERROR;
				CLANG_WARN_DOCUMENTATION_COMMENTS = YES;
				CLANG_WARN_EMPTY_BODY = YES;
				CLANG_WARN_ENUM_CONVERSION = YES;
				CLANG_WARN_INFINITE_RECURSION = YES;
				CLANG_WARN_INT_CONVERSION = YES;
				CLANG_WARN_NON_LITERAL_NULL_CONVERSION = YES;
				CLANG_WARN_OBJC_IMPLICIT_RETAIN_SELF = YES;
				CLANG_WARN_OBJC_LITERAL_CONVERSION = YES;
				CLANG_WARN_OBJC_ROOT_CLASS = YES_ERROR;
				CLANG_WARN_RANGE_LOOP_ANALYSIS = YES;
				CLANG_WARN_STRICT_PROTOTYPES = YES;
				CLANG_WARN_SUSPICIOUS_MOVE = YES;
				CLANG_WARN_UNGUARDED_AVAILABILITY = YES_AGGRESSIVE;
				CLANG_WARN_UNREACHABLE_CODE = YES;
				CLANG_WARN__DUPLICATE_METHOD_MATCH = YES;
				COPY_PHASE_STRIP = NO;
				DEBUG_INFORMATION_FORMAT = dwarf;
				ENABLE_STRICT_OBJC_MSGSEND = YES;
				ENABLE_TESTABILITY = YES;
				GCC_C_LANGUAGE_STANDARD = gnu11;
				GCC_DYNAMIC_NO_PIC = NO;
				GCC_NO_COMMON_BLOCKS = YES;
				GCC_OPTIMIZATION_LEVEL = 0;
				GCC_PREPROCESSOR_DEFINITIONS = (
					"DEBUG=1",
					"$(inherited)",
				);
				GCC_WARN_64_TO_32_BIT_CONVERSION = YES;
				GCC_WARN_ABOUT_RETURN_TYPE = YES_ERROR;
				GCC_WARN_UNDECLARED_SELECTOR = YES;
				GCC_WARN_UNINITIALIZED_AUTOS = YES_AGGRESSIVE;
				GCC_WARN_UNUSED_FUNCTION = YES;
				GCC_WARN_UNUSED_VARIABLE = YES;
				IPHONEOS_DEPLOYMENT_TARGET = 13.2;
				MTL_ENABLE_DEBUG_INFO = INCLUDE_SOURCE;
				MTL_FAST_MATH = YES;
				ONLY_ACTIVE_ARCH = YES;
				SDKROOT = iphoneos;
				SWIFT_ACTIVE_COMPILATION_CONDITIONS = DEBUG;
				SWIFT_OPTIMIZATION_LEVEL = "-Onone";
			};
			name = Debug;
		};
		8E5DD71623D0B0A5003D2057 /* Release */ = {
			isa = XCBuildConfiguration;
			buildSettings = {
				ALWAYS_SEARCH_USER_PATHS = NO;
				CLANG_ANALYZER_NONNULL = YES;
				CLANG_ANALYZER_NUMBER_OBJECT_CONVERSION = YES_AGGRESSIVE;
				CLANG_CXX_LANGUAGE_STANDARD = "gnu++14";
				CLANG_CXX_LIBRARY = "libc++";
				CLANG_ENABLE_MODULES = YES;
				CLANG_ENABLE_OBJC_ARC = YES;
				CLANG_ENABLE_OBJC_WEAK = YES;
				CLANG_WARN_BLOCK_CAPTURE_AUTORELEASING = YES;
				CLANG_WARN_BOOL_CONVERSION = YES;
				CLANG_WARN_COMMA = YES;
				CLANG_WARN_CONSTANT_CONVERSION = YES;
				CLANG_WARN_DEPRECATED_OBJC_IMPLEMENTATIONS = YES;
				CLANG_WARN_DIRECT_OBJC_ISA_USAGE = YES_ERROR;
				CLANG_WARN_DOCUMENTATION_COMMENTS = YES;
				CLANG_WARN_EMPTY_BODY = YES;
				CLANG_WARN_ENUM_CONVERSION = YES;
				CLANG_WARN_INFINITE_RECURSION = YES;
				CLANG_WARN_INT_CONVERSION = YES;
				CLANG_WARN_NON_LITERAL_NULL_CONVERSION = YES;
				CLANG_WARN_OBJC_IMPLICIT_RETAIN_SELF = YES;
				CLANG_WARN_OBJC_LITERAL_CONVERSION = YES;
				CLANG_WARN_OBJC_ROOT_CLASS = YES_ERROR;
				CLANG_WARN_RANGE_LOOP_ANALYSIS = YES;
				CLANG_WARN_STRICT_PROTOTYPES = YES;
				CLANG_WARN_SUSPICIOUS_MOVE = YES;
				CLANG_WARN_UNGUARDED_AVAILABILITY = YES_AGGRESSIVE;
				CLANG_WARN_UNREACHABLE_CODE = YES;
				CLANG_WARN__DUPLICATE_METHOD_MATCH = YES;
				COPY_PHASE_STRIP = NO;
				DEBUG_INFORMATION_FORMAT = "dwarf-with-dsym";
				ENABLE_NS_ASSERTIONS = NO;
				ENABLE_STRICT_OBJC_MSGSEND = YES;
				GCC_C_LANGUAGE_STANDARD = gnu11;
				GCC_NO_COMMON_BLOCKS = YES;
				GCC_WARN_64_TO_32_BIT_CONVERSION = YES;
				GCC_WARN_ABOUT_RETURN_TYPE = YES_ERROR;
				GCC_WARN_UNDECLARED_SELECTOR = YES;
				GCC_WARN_UNINITIALIZED_AUTOS = YES_AGGRESSIVE;
				GCC_WARN_UNUSED_FUNCTION = YES;
				GCC_WARN_UNUSED_VARIABLE = YES;
				IPHONEOS_DEPLOYMENT_TARGET = 13.2;
				MTL_ENABLE_DEBUG_INFO = NO;
				MTL_FAST_MATH = YES;
				SDKROOT = iphoneos;
				SWIFT_COMPILATION_MODE = wholemodule;
				SWIFT_OPTIMIZATION_LEVEL = "-O";
				VALIDATE_PRODUCT = YES;
			};
			name = Release;
		};
		8E5DD71823D0B0A5003D2057 /* Debug */ = {
			isa = XCBuildConfiguration;
			buildSettings = {
				ASSETCATALOG_COMPILER_APPICON_NAME = AppIcon;
				CODE_SIGN_STYLE = Automatic;
				INFOPLIST_FILE = 0116HealthLayoutTest/Info.plist;
				LD_RUNPATH_SEARCH_PATHS = (
					"$(inherited)",
					"@executable_path/Frameworks",
				);
				PRODUCT_BUNDLE_IDENTIFIER = "test-edu.self.-116HealthLayoutTest";
				PRODUCT_NAME = "$(TARGET_NAME)";
				SWIFT_VERSION = 5.0;
				TARGETED_DEVICE_FAMILY = "1,2";
			};
			name = Debug;
		};
		8E5DD71923D0B0A5003D2057 /* Release */ = {
			isa = XCBuildConfiguration;
			buildSettings = {
				ASSETCATALOG_COMPILER_APPICON_NAME = AppIcon;
				CODE_SIGN_STYLE = Automatic;
				INFOPLIST_FILE = 0116HealthLayoutTest/Info.plist;
				LD_RUNPATH_SEARCH_PATHS = (
					"$(inherited)",
					"@executable_path/Frameworks",
				);
				PRODUCT_BUNDLE_IDENTIFIER = "test-edu.self.-116HealthLayoutTest";
				PRODUCT_NAME = "$(TARGET_NAME)";
				SWIFT_VERSION = 5.0;
				TARGETED_DEVICE_FAMILY = "1,2";
			};
			name = Release;
		};
		8E5DD71B23D0B0A5003D2057 /* Debug */ = {
			isa = XCBuildConfiguration;
			buildSettings = {
				ALWAYS_EMBED_SWIFT_STANDARD_LIBRARIES = YES;
				BUNDLE_LOADER = "$(TEST_HOST)";
				CODE_SIGN_STYLE = Automatic;
				INFOPLIST_FILE = 0116HealthLayoutTestTests/Info.plist;
				IPHONEOS_DEPLOYMENT_TARGET = 13.2;
				LD_RUNPATH_SEARCH_PATHS = (
					"$(inherited)",
					"@executable_path/Frameworks",
					"@loader_path/Frameworks",
				);
				PRODUCT_BUNDLE_IDENTIFIER = "test-edu.self.-116HealthLayoutTestTests";
				PRODUCT_NAME = "$(TARGET_NAME)";
				SWIFT_VERSION = 5.0;
				TARGETED_DEVICE_FAMILY = "1,2";
				TEST_HOST = "$(BUILT_PRODUCTS_DIR)/0116HealthLayoutTest.app/0116HealthLayoutTest";
			};
			name = Debug;
		};
		8E5DD71C23D0B0A5003D2057 /* Release */ = {
			isa = XCBuildConfiguration;
			buildSettings = {
				ALWAYS_EMBED_SWIFT_STANDARD_LIBRARIES = YES;
				BUNDLE_LOADER = "$(TEST_HOST)";
				CODE_SIGN_STYLE = Automatic;
				INFOPLIST_FILE = 0116HealthLayoutTestTests/Info.plist;
				IPHONEOS_DEPLOYMENT_TARGET = 13.2;
				LD_RUNPATH_SEARCH_PATHS = (
					"$(inherited)",
					"@executable_path/Frameworks",
					"@loader_path/Frameworks",
				);
				PRODUCT_BUNDLE_IDENTIFIER = "test-edu.self.-116HealthLayoutTestTests";
				PRODUCT_NAME = "$(TARGET_NAME)";
				SWIFT_VERSION = 5.0;
				TARGETED_DEVICE_FAMILY = "1,2";
				TEST_HOST = "$(BUILT_PRODUCTS_DIR)/0116HealthLayoutTest.app/0116HealthLayoutTest";
			};
			name = Release;
		};
		8E5DD71E23D0B0A5003D2057 /* Debug */ = {
			isa = XCBuildConfiguration;
			buildSettings = {
				ALWAYS_EMBED_SWIFT_STANDARD_LIBRARIES = YES;
				CODE_SIGN_STYLE = Automatic;
				INFOPLIST_FILE = 0116HealthLayoutTestUITests/Info.plist;
				LD_RUNPATH_SEARCH_PATHS = (
					"$(inherited)",
					"@executable_path/Frameworks",
					"@loader_path/Frameworks",
				);
				PRODUCT_BUNDLE_IDENTIFIER = "test-edu.self.-116HealthLayoutTestUITests";
				PRODUCT_NAME = "$(TARGET_NAME)";
				SWIFT_VERSION = 5.0;
				TARGETED_DEVICE_FAMILY = "1,2";
				TEST_TARGET_NAME = 0116HealthLayoutTest;
			};
			name = Debug;
		};
		8E5DD71F23D0B0A5003D2057 /* Release */ = {
			isa = XCBuildConfiguration;
			buildSettings = {
				ALWAYS_EMBED_SWIFT_STANDARD_LIBRARIES = YES;
				CODE_SIGN_STYLE = Automatic;
				INFOPLIST_FILE = 0116HealthLayoutTestUITests/Info.plist;
				LD_RUNPATH_SEARCH_PATHS = (
					"$(inherited)",
					"@executable_path/Frameworks",
					"@loader_path/Frameworks",
				);
				PRODUCT_BUNDLE_IDENTIFIER = "test-edu.self.-116HealthLayoutTestUITests";
				PRODUCT_NAME = "$(TARGET_NAME)";
				SWIFT_VERSION = 5.0;
				TARGETED_DEVICE_FAMILY = "1,2";
				TEST_TARGET_NAME = 0116HealthLayoutTest;
			};
			name = Release;
		};
/* End XCBuildConfiguration section */

/* Begin XCConfigurationList section */
		8E5DD6E823D0B0A4003D2057 /* Build configuration list for PBXProject "0116HealthLayoutTest" */ = {
			isa = XCConfigurationList;
			buildConfigurations = (
				8E5DD71523D0B0A5003D2057 /* Debug */,
				8E5DD71623D0B0A5003D2057 /* Release */,
			);
			defaultConfigurationIsVisible = 0;
			defaultConfigurationName = Release;
		};
		8E5DD71723D0B0A5003D2057 /* Build configuration list for PBXNativeTarget "0116HealthLayoutTest" */ = {
			isa = XCConfigurationList;
			buildConfigurations = (
				8E5DD71823D0B0A5003D2057 /* Debug */,
				8E5DD71923D0B0A5003D2057 /* Release */,
			);
			defaultConfigurationIsVisible = 0;
			defaultConfigurationName = Release;
		};
		8E5DD71A23D0B0A5003D2057 /* Build configuration list for PBXNativeTarget "0116HealthLayoutTestTests" */ = {
			isa = XCConfigurationList;
			buildConfigurations = (
				8E5DD71B23D0B0A5003D2057 /* Debug */,
				8E5DD71C23D0B0A5003D2057 /* Release */,
			);
			defaultConfigurationIsVisible = 0;
			defaultConfigurationName = Release;
		};
		8E5DD71D23D0B0A5003D2057 /* Build configuration list for PBXNativeTarget "0116HealthLayoutTestUITests" */ = {
			isa = XCConfigurationList;
			buildConfigurations = (
				8E5DD71E23D0B0A5003D2057 /* Debug */,
				8E5DD71F23D0B0A5003D2057 /* Release */,
			);
			defaultConfigurationIsVisible = 0;
			defaultConfigurationName = Release;
		};
/* End XCConfigurationList section */
	};
	rootObject = 8E5DD6E523D0B0A4003D2057 /* Project object */;
}
